
Microsoft Visual Studio Solution File, Format Version 12.00
# Visual Studio Version 17
VisualStudioVersion = 17.9.34728.123
MinimumVisualStudioVersion = 10.0.40219.1
Project("{FAE04EC0-301F-11D3-BF4B-00C04F79EFBC}") = "TrackerLibrary", "TrackerLibrary\TrackerLibrary.csproj", "{F9E809DC-8732-4771-B900-D889C8429631}"
EndProject
Project("{FAE04EC0-301F-11D3-BF4B-00C04F79EFBC}") = "TrackerUI", "TrackerUI\TrackerUI.csproj", "{6E14D833-71D3-47B7-9D37-01AEA7879DCC}"
EndProject
Global
	GlobalSection(SolutionConfigurationPlatforms) = preSolution
		Debug|Any CPU = Debug|Any CPU
		Release|Any CPU = Release|Any CPU
	EndGlobalSection
	GlobalSection(ProjectConfigurationPlatforms) = postSolution
		{F9E809DC-8732-4771-B900-D889C8429631}.Debug|Any CPU.ActiveCfg = Debug|Any CPU
		{F9E809DC-8732-4771-B900-D889C8429631}.Debug|Any CPU.Build.0 = Debug|Any CPU
		{F9E809DC-8732-4771-B900-D889C8429631}.Release|Any CPU.ActiveCfg = Release|Any CPU
		{F9E809DC-8732-4771-B900-D889C8429631}.Release|Any CPU.Build.0 = Release|Any CPU
		{6E14D833-71D3-47B7-9D37-01AEA7879DCC}.Debug|Any CPU.ActiveCfg = Debug|Any CPU
		{6E14D833-71D3-47B7-9D37-01AEA7879DCC}.Debug|Any CPU.Build.0 = Debug|Any CPU
		{6E14D833-71D3-47B7-9D37-01AEA7879DCC}.Release|Any CPU.ActiveCfg = Release|Any CPU
		{6E14D833-71D3-47B7-9D37-01AEA7879DCC}.Release|Any CPU.Build.0 = Release|Any CPU
	EndGlobalSection
	GlobalSection(SolutionProperties) = preSolution
		HideSolutionNode = FALSE
	EndGlobalSection
	GlobalSection(ExtensibilityGlobals) = postSolution
		SolutionGuid = {848ECA17-F2E4-4C09-9E8E-B04E028098C4}
	EndGlobalSection
EndGlobal
